
Microsoft Visual Studio Solution File, Format Version 12.00
# Visual Studio 15
VisualStudioVersion = 15.0.27130.2027
MinimumVisualStudioVersion = 10.0.40219.1
Project("{FAE04EC0-301F-11D3-BF4B-00C04F79EFBC}") = "Selenium_Exercises_StarFrameDevelop", "Selenium_Exercises_StarFrameDevelop\Selenium_Exercises_StarFrameDevelop.csproj", "{AC129D00-6BB4-48C4-A9D0-953BC38E3CCE}"
EndProject
Global
	GlobalSection(SolutionConfigurationPlatforms) = preSolution
		Debug|Any CPU = Debug|Any CPU
		Release|Any CPU = Release|Any CPU
	EndGlobalSection
	GlobalSection(ProjectConfigurationPlatforms) = postSolution
		{AC129D00-6BB4-48C4-A9D0-953BC38E3CCE}.Debug|Any CPU.ActiveCfg = Debug|Any CPU
		{AC129D00-6BB4-48C4-A9D0-953BC38E3CCE}.Debug|Any CPU.Build.0 = Debug|Any CPU
		{AC129D00-6BB4-48C4-A9D0-953BC38E3CCE}.Release|Any CPU.ActiveCfg = Release|Any CPU
		{AC129D00-6BB4-48C4-A9D0-953BC38E3CCE}.Release|Any CPU.Build.0 = Release|Any CPU
	EndGlobalSection
	GlobalSection(SolutionProperties) = preSolution
		HideSolutionNode = FALSE
	EndGlobalSection
	GlobalSection(ExtensibilityGlobals) = postSolution
		SolutionGuid = {6651A4D1-0EF4-4F07-AA45-580A54C82B8D}
	EndGlobalSection
EndGlobal
